
Microsoft Visual Studio Solution File, Format Version 12.00
# Visual Studio 2012
Project("{8BC9CEB8-8B4A-11D0-8D11-00A0C91BC942}") = "NimServer", "NimServer.vcxproj", "{9D427F27-0E57-4732-89D8-AE2F9CCA30F1}"
EndProject
Global
	GlobalSection(SolutionConfigurationPlatforms) = preSolution
		Debug|Win32 = Debug|Win32
		Release|Win32 = Release|Win32
	EndGlobalSection
	GlobalSection(ProjectConfigurationPlatforms) = postSolution
		{9D427F27-0E57-4732-89D8-AE2F9CCA30F1}.Debug|Win32.ActiveCfg = Debug|Win32
		{9D427F27-0E57-4732-89D8-AE2F9CCA30F1}.Debug|Win32.Build.0 = Debug|Win32
		{9D427F27-0E57-4732-89D8-AE2F9CCA30F1}.Release|Win32.ActiveCfg = Release|Win32
		{9D427F27-0E57-4732-89D8-AE2F9CCA30F1}.Release|Win32.Build.0 = Release|Win32
	EndGlobalSection
	GlobalSection(SolutionProperties) = preSolution
		HideSolutionNode = FALSE
	EndGlobalSection
EndGlobal
